
Microsoft Visual Studio Solution File, Format Version 12.00
# Visual Studio Version 16
VisualStudioVersion = 16.0.31829.152
MinimumVisualStudioVersion = 10.0.40219.1
Project("{8BC9CEB8-8B4A-11D0-8D11-00A0C91BC942}") = "IRSA", "IRSA\IRSA.vcxproj", "{3CB5FF52-307D-4730-9B44-F19F7BF59B6F}"
EndProject
Global
	GlobalSection(SolutionConfigurationPlatforms) = preSolution
		Debug|x64 = Debug|x64
		Debug|x86 = Debug|x86
		DLL-Import Debug|x64 = DLL-Import Debug|x64
		DLL-Import Debug|x86 = DLL-Import Debug|x86
		DLL-Import Release|x64 = DLL-Import Release|x64
		DLL-Import Release|x86 = DLL-Import Release|x86
		Release|x64 = Release|x64
		Release|x86 = Release|x86
	EndGlobalSection
	GlobalSection(ProjectConfigurationPlatforms) = postSolution
		{3CB5FF52-307D-4730-9B44-F19F7BF59B6F}.Debug|x64.ActiveCfg = Debug|x64
		{3CB5FF52-307D-4730-9B44-F19F7BF59B6F}.Debug|x64.Build.0 = Debug|x64
		{3CB5FF52-307D-4730-9B44-F19F7BF59B6F}.Debug|x86.ActiveCfg = Debug|Win32
		{3CB5FF52-307D-4730-9B44-F19F7BF59B6F}.Debug|x86.Build.0 = Debug|Win32
		{3CB5FF52-307D-4730-9B44-F19F7BF59B6F}.DLL-Import Debug|x64.ActiveCfg = Debug|x64
		{3CB5FF52-307D-4730-9B44-F19F7BF59B6F}.DLL-Import Debug|x64.Build.0 = Debug|x64
		{3CB5FF52-307D-4730-9B44-F19F7BF59B6F}.DLL-Import Debug|x86.ActiveCfg = Debug|Win32
		{3CB5FF52-307D-4730-9B44-F19F7BF59B6F}.DLL-Import Debug|x86.Build.0 = Debug|Win32
		{3CB5FF52-307D-4730-9B44-F19F7BF59B6F}.DLL-Import Release|x64.ActiveCfg = Release|x64
		{3CB5FF52-307D-4730-9B44-F19F7BF59B6F}.DLL-Import Release|x64.Build.0 = Release|x64
		{3CB5FF52-307D-4730-9B44-F19F7BF59B6F}.DLL-Import Release|x86.ActiveCfg = Release|Win32
		{3CB5FF52-307D-4730-9B44-F19F7BF59B6F}.DLL-Import Release|x86.Build.0 = Release|Win32
		{3CB5FF52-307D-4730-9B44-F19F7BF59B6F}.Release|x64.ActiveCfg = Release|x64
		{3CB5FF52-307D-4730-9B44-F19F7BF59B6F}.Release|x64.Build.0 = Release|x64
		{3CB5FF52-307D-4730-9B44-F19F7BF59B6F}.Release|x86.ActiveCfg = Release|Win32
		{3CB5FF52-307D-4730-9B44-F19F7BF59B6F}.Release|x86.Build.0 = Release|Win32
	EndGlobalSection
	GlobalSection(SolutionProperties) = preSolution
		HideSolutionNode = FALSE
	EndGlobalSection
	GlobalSection(ExtensibilityGlobals) = postSolution
		SolutionGuid = {ADC6EBE9-0265-4D1F-9022-253B0EB5FA9C}
	EndGlobalSection
EndGlobal
